
Microsoft Visual Studio Solution File, Format Version 12.00
# Visual Studio Version 17
VisualStudioVersion = 17.0.31903.59
MinimumVisualStudioVersion = 10.0.40219.1
Project("{FAE04EC0-301F-11D3-BF4B-00C04F79EFBC}") = "shop.Domain", "shop.Domain\shop.Domain.csproj", "{5AECDA1C-3D98-4181-B801-0C054B20C324}"
EndProject
Project("{FAE04EC0-301F-11D3-BF4B-00C04F79EFBC}") = "shop.BusinessLogic", "shop.BusinessLogic\shop.BusinessLogic.csproj", "{DA3C1146-E3D3-45A4-807A-CCAE89A60E4D}"
EndProject
Global
	GlobalSection(SolutionConfigurationPlatforms) = preSolution
		Debug|Any CPU = Debug|Any CPU
		Release|Any CPU = Release|Any CPU
	EndGlobalSection
	GlobalSection(SolutionProperties) = preSolution
		HideSolutionNode = FALSE
	EndGlobalSection
	GlobalSection(ProjectConfigurationPlatforms) = postSolution
		{5AECDA1C-3D98-4181-B801-0C054B20C324}.Debug|Any CPU.ActiveCfg = Debug|Any CPU
		{5AECDA1C-3D98-4181-B801-0C054B20C324}.Debug|Any CPU.Build.0 = Debug|Any CPU
		{5AECDA1C-3D98-4181-B801-0C054B20C324}.Release|Any CPU.ActiveCfg = Release|Any CPU
		{5AECDA1C-3D98-4181-B801-0C054B20C324}.Release|Any CPU.Build.0 = Release|Any CPU
		{DA3C1146-E3D3-45A4-807A-CCAE89A60E4D}.Debug|Any CPU.ActiveCfg = Debug|Any CPU
		{DA3C1146-E3D3-45A4-807A-CCAE89A60E4D}.Debug|Any CPU.Build.0 = Debug|Any CPU
		{DA3C1146-E3D3-45A4-807A-CCAE89A60E4D}.Release|Any CPU.ActiveCfg = Release|Any CPU
		{DA3C1146-E3D3-45A4-807A-CCAE89A60E4D}.Release|Any CPU.Build.0 = Release|Any CPU
	EndGlobalSection
EndGlobal
