
Microsoft Visual Studio Solution File, Format Version 12.00
# Visual Studio Version 17
VisualStudioVersion = 17.5.002.0
MinimumVisualStudioVersion = 10.0.40219.1
Project("{9A19103F-16F7-4668-BE54-9A1E7A4F7556}") = "NicoFelizApi", "NicoFelizApi\NicoFelizApi.csproj", "{F7247660-9C6C-4E72-9FBC-8352A34F1109}"
EndProject
Global
	GlobalSection(SolutionConfigurationPlatforms) = preSolution
		Debug|Any CPU = Debug|Any CPU
		Release|Any CPU = Release|Any CPU
	EndGlobalSection
	GlobalSection(ProjectConfigurationPlatforms) = postSolution
		{F7247660-9C6C-4E72-9FBC-8352A34F1109}.Debug|Any CPU.ActiveCfg = Debug|Any CPU
		{F7247660-9C6C-4E72-9FBC-8352A34F1109}.Debug|Any CPU.Build.0 = Debug|Any CPU
		{F7247660-9C6C-4E72-9FBC-8352A34F1109}.Release|Any CPU.ActiveCfg = Release|Any CPU
		{F7247660-9C6C-4E72-9FBC-8352A34F1109}.Release|Any CPU.Build.0 = Release|Any CPU
	EndGlobalSection
	GlobalSection(SolutionProperties) = preSolution
		HideSolutionNode = FALSE
	EndGlobalSection
	GlobalSection(ExtensibilityGlobals) = postSolution
		SolutionGuid = {4DD61585-4DFA-40A4-991C-780813CFE467}
	EndGlobalSection
EndGlobal
